
Microsoft Visual Studio Solution File, Format Version 12.00
# Visual Studio Version 17
VisualStudioVersion = 17.0.31521.260
MinimumVisualStudioVersion = 10.0.40219.1
Project("{FAE04EC0-301F-11D3-BF4B-00C04F79EFBC}") = "btcinfo", "btcinfo\btcinfo.csproj", "{703EEF09-0645-4335-8380-ED50407B897B}"
EndProject
Global
	GlobalSection(SolutionConfigurationPlatforms) = preSolution
		Debug|Any CPU = Debug|Any CPU
		Release|Any CPU = Release|Any CPU
	EndGlobalSection
	GlobalSection(ProjectConfigurationPlatforms) = postSolution
		{703EEF09-0645-4335-8380-ED50407B897B}.Debug|Any CPU.ActiveCfg = Debug|Any CPU
		{703EEF09-0645-4335-8380-ED50407B897B}.Debug|Any CPU.Build.0 = Debug|Any CPU
		{703EEF09-0645-4335-8380-ED50407B897B}.Release|Any CPU.ActiveCfg = Release|Any CPU
		{703EEF09-0645-4335-8380-ED50407B897B}.Release|Any CPU.Build.0 = Release|Any CPU
	EndGlobalSection
	GlobalSection(SolutionProperties) = preSolution
		HideSolutionNode = FALSE
	EndGlobalSection
	GlobalSection(ExtensibilityGlobals) = postSolution
		SolutionGuid = {BE726869-1764-49E5-95E1-F7A0A7EE5E61}
	EndGlobalSection
EndGlobal
